
Microsoft Visual Studio Solution File, Format Version 12.00
# Visual Studio Version 16
VisualStudioVersion = 16.0.30717.126
MinimumVisualStudioVersion = 10.0.40219.1
Project("{FAE04EC0-301F-11D3-BF4B-00C04F79EFBC}") = "EFCore5ExamplesToQueryString", "EFCore5ExamplesToQueryString\EFCore5ExamplesToQueryString.csproj", "{E0FD6E40-17AF-48C7-9038-43E0F06D33F1}"
EndProject
Global
	GlobalSection(SolutionConfigurationPlatforms) = preSolution
		Debug|Any CPU = Debug|Any CPU
		Release|Any CPU = Release|Any CPU
	EndGlobalSection
	GlobalSection(ProjectConfigurationPlatforms) = postSolution
		{E0FD6E40-17AF-48C7-9038-43E0F06D33F1}.Debug|Any CPU.ActiveCfg = Debug|Any CPU
		{E0FD6E40-17AF-48C7-9038-43E0F06D33F1}.Debug|Any CPU.Build.0 = Debug|Any CPU
		{E0FD6E40-17AF-48C7-9038-43E0F06D33F1}.Release|Any CPU.ActiveCfg = Release|Any CPU
		{E0FD6E40-17AF-48C7-9038-43E0F06D33F1}.Release|Any CPU.Build.0 = Release|Any CPU
	EndGlobalSection
	GlobalSection(SolutionProperties) = preSolution
		HideSolutionNode = FALSE
	EndGlobalSection
	GlobalSection(ExtensibilityGlobals) = postSolution
		SolutionGuid = {BA8CA2A6-D0E6-4CD6-830E-3BE8D1C9FDD6}
	EndGlobalSection
EndGlobal
